// !$*UTF8*$!
{
	archiveVersion = 1;
	classes = {
	};
	objectVersion = 56;
	objects = {

/* Begin PBXBuildFile section */
		BE2C7C062C00EF4900A69CA7 /* OpenMeteoSdk in Frameworks */ = {isa = PBXBuildFile; productRef = BE2C7C052C00EF4900A69CA7 /* OpenMeteoSdk */; };
		BE4665EC2BF184F3004F1446 /* Weather_SwiftUIApp.swift in Sources */ = {isa = PBXBuildFile; fileRef = BE4665EB2BF184F3004F1446 /* Weather_SwiftUIApp.swift */; };
		BE4665EE2BF184F3004F1446 /* WeatherMainView.swift in Sources */ = {isa = PBXBuildFile; fileRef = BE4665ED2BF184F3004F1446 /* WeatherMainView.swift */; };
		BE4665F02BF184F5004F1446 /* Assets.xcassets in Resources */ = {isa = PBXBuildFile; fileRef = BE4665EF2BF184F5004F1446 /* Assets.xcassets */; };
		BE4665F32BF184F5004F1446 /* Preview Assets.xcassets in Resources */ = {isa = PBXBuildFile; fileRef = BE4665F22BF184F5004F1446 /* Preview Assets.xcassets */; };
		BE475B5F2C15DFD500AC750B /* LoadingView.swift in Sources */ = {isa = PBXBuildFile; fileRef = BE475B5E2C15DFD500AC750B /* LoadingView.swift */; };
		BE5DF5562C064B1D001B7052 /* WeatherMainViewModel.swift in Sources */ = {isa = PBXBuildFile; fileRef = BE5DF5552C064B1D001B7052 /* WeatherMainViewModel.swift */; };
		BE6F42092C053B3A00DFEE07 /* WeatherData.swift in Sources */ = {isa = PBXBuildFile; fileRef = BE6F42082C053B3A00DFEE07 /* WeatherData.swift */; };
		BE6F420B2C053E1000DFEE07 /* NetworkManager.swift in Sources */ = {isa = PBXBuildFile; fileRef = BE6F420A2C053E1000DFEE07 /* NetworkManager.swift */; };
		BE6F420D2C05415400DFEE07 /* LocationManager.swift in Sources */ = {isa = PBXBuildFile; fileRef = BE6F420C2C05415400DFEE07 /* LocationManager.swift */; };
		BE7CCA8D2C04FE3800A3130F /* Views.swift in Sources */ = {isa = PBXBuildFile; fileRef = BE7CCA8C2C04FE3800A3130F /* Views.swift */; };
		BED4A4A42C0941B800919609 /* WeatherMainViewModel+Ext.swift in Sources */ = {isa = PBXBuildFile; fileRef = BED4A4A32C0941B800919609 /* WeatherMainViewModel+Ext.swift */; };
		BED7C40C2C165CE0009786C0 /* NoConnectionView.swift in Sources */ = {isa = PBXBuildFile; fileRef = BED7C40B2C165CE0009786C0 /* NoConnectionView.swift */; };
		BEDF614D2C06AB7B0009AB83 /* Errors.swift in Sources */ = {isa = PBXBuildFile; fileRef = BEDF614C2C06AB7B0009AB83 /* Errors.swift */; };
/* End PBXBuildFile section */

/* Begin PBXFileReference section */
		BE4665E82BF184F3004F1446 /* Weather-SwiftUI.app */ = {isa = PBXFileReference; explicitFileType = wrapper.application; includeInIndex = 0; path = "Weather-SwiftUI.app"; sourceTree = BUILT_PRODUCTS_DIR; };
		BE4665EB2BF184F3004F1446 /* Weather_SwiftUIApp.swift */ = {isa = PBXFileReference; lastKnownFileType = sourcecode.swift; path = Weather_SwiftUIApp.swift; sourceTree = "<group>"; };
		BE4665ED2BF184F3004F1446 /* WeatherMainView.swift */ = {isa = PBXFileReference; lastKnownFileType = sourcecode.swift; path = WeatherMainView.swift; sourceTree = "<group>"; };
		BE4665EF2BF184F5004F1446 /* Assets.xcassets */ = {isa = PBXFileReference; lastKnownFileType = folder.assetcatalog; path = Assets.xcassets; sourceTree = "<group>"; };
		BE4665F22BF184F5004F1446 /* Preview Assets.xcassets */ = {isa = PBXFileReference; lastKnownFileType = folder.assetcatalog; path = "Preview Assets.xcassets"; sourceTree = "<group>"; };
		BE475B5E2C15DFD500AC750B /* LoadingView.swift */ = {isa = PBXFileReference; lastKnownFileType = sourcecode.swift; path = LoadingView.swift; sourceTree = "<group>"; };
		BE5DF5552C064B1D001B7052 /* WeatherMainViewModel.swift */ = {isa = PBXFileReference; lastKnownFileType = sourcecode.swift; path = WeatherMainViewModel.swift; sourceTree = "<group>"; };
		BE6F42082C053B3A00DFEE07 /* WeatherData.swift */ = {isa = PBXFileReference; lastKnownFileType = sourcecode.swift; path = WeatherData.swift; sourceTree = "<group>"; };
		BE6F420A2C053E1000DFEE07 /* NetworkManager.swift */ = {isa = PBXFileReference; lastKnownFileType = sourcecode.swift; path = NetworkManager.swift; sourceTree = "<group>"; };
		BE6F420C2C05415400DFEE07 /* LocationManager.swift */ = {isa = PBXFileReference; lastKnownFileType = sourcecode.swift; path = LocationManager.swift; sourceTree = "<group>"; };
		BE7CCA8C2C04FE3800A3130F /* Views.swift */ = {isa = PBXFileReference; lastKnownFileType = sourcecode.swift; path = Views.swift; sourceTree = "<group>"; };
		BED4A4A32C0941B800919609 /* WeatherMainViewModel+Ext.swift */ = {isa = PBXFileReference; lastKnownFileType = sourcecode.swift; path = "WeatherMainViewModel+Ext.swift"; sourceTree = "<group>"; };
		BED7C40B2C165CE0009786C0 /* NoConnectionView.swift */ = {isa = PBXFileReference; lastKnownFileType = sourcecode.swift; path = NoConnectionView.swift; sourceTree = "<group>"; };
		BEDF614C2C06AB7B0009AB83 /* Errors.swift */ = {isa = PBXFileReference; lastKnownFileType = sourcecode.swift; path = Errors.swift; sourceTree = "<group>"; };
/* End PBXFileReference section */

/* Begin PBXFrameworksBuildPhase section */
		BE4665E52BF184F3004F1446 /* Frameworks */ = {
			isa = PBXFrameworksBuildPhase;
			buildActionMask = 2147483647;
			files = (
				BE2C7C062C00EF4900A69CA7 /* OpenMeteoSdk in Frameworks */,
			);
			runOnlyForDeploymentPostprocessing = 0;
		};
/* End PBXFrameworksBuildPhase section */

/* Begin PBXGroup section */
		BE4665DF2BF184F3004F1446 = {
			isa = PBXGroup;
			children = (
				BE4665EA2BF184F3004F1446 /* Weather-SwiftUI */,
				BE4665E92BF184F3004F1446 /* Products */,
			);
			sourceTree = "<group>";
		};
		BE4665E92BF184F3004F1446 /* Products */ = {
			isa = PBXGroup;
			children = (
				BE4665E82BF184F3004F1446 /* Weather-SwiftUI.app */,
			);
			name = Products;
			sourceTree = "<group>";
		};
		BE4665EA2BF184F3004F1446 /* Weather-SwiftUI */ = {
			isa = PBXGroup;
			children = (
				BEABD5122C19DA1200EC86B7 /* Views */,
				BEABD5132C19DA4800EC86B7 /* Utilities */,
				BEABD5162C19DA7C00EC86B7 /* Models */,
				BEABD5172C19DADB00EC86B7 /* Screens */,
				BE4665EB2BF184F3004F1446 /* Weather_SwiftUIApp.swift */,
				BE4665EF2BF184F5004F1446 /* Assets.xcassets */,
				BE4665F12BF184F5004F1446 /* Preview Content */,
			);
			path = "Weather-SwiftUI";
			sourceTree = "<group>";
		};
		BE4665F12BF184F5004F1446 /* Preview Content */ = {
			isa = PBXGroup;
			children = (
				BE4665F22BF184F5004F1446 /* Preview Assets.xcassets */,
			);
			path = "Preview Content";
			sourceTree = "<group>";
		};
		BEABD5122C19DA1200EC86B7 /* Views */ = {
			isa = PBXGroup;
			children = (
				BE475B5E2C15DFD500AC750B /* LoadingView.swift */,
				BED7C40B2C165CE0009786C0 /* NoConnectionView.swift */,
				BE7CCA8C2C04FE3800A3130F /* Views.swift */,
			);
			path = Views;
			sourceTree = "<group>";
		};
		BEABD5132C19DA4800EC86B7 /* Utilities */ = {
			isa = PBXGroup;
			children = (
				BEABD5152C19DA5800EC86B7 /* Error */,
				BEABD5142C19DA5200EC86B7 /* Managers */,
			);
			path = Utilities;
			sourceTree = "<group>";
		};
		BEABD5142C19DA5200EC86B7 /* Managers */ = {
			isa = PBXGroup;
			children = (
				BE6F420A2C053E1000DFEE07 /* NetworkManager.swift */,
				BE6F420C2C05415400DFEE07 /* LocationManager.swift */,
			);
			path = Managers;
			sourceTree = "<group>";
		};
		BEABD5152C19DA5800EC86B7 /* Error */ = {
			isa = PBXGroup;
			children = (
				BEDF614C2C06AB7B0009AB83 /* Errors.swift */,
			);
			path = Error;
			sourceTree = "<group>";
		};
		BEABD5162C19DA7C00EC86B7 /* Models */ = {
			isa = PBXGroup;
			children = (
				BE6F42082C053B3A00DFEE07 /* WeatherData.swift */,
			);
			path = Models;
			sourceTree = "<group>";
		};
		BEABD5172C19DADB00EC86B7 /* Screens */ = {
			isa = PBXGroup;
			children = (
				BED4A4A32C0941B800919609 /* WeatherMainViewModel+Ext.swift */,
				BE5DF5552C064B1D001B7052 /* WeatherMainViewModel.swift */,
				BE4665ED2BF184F3004F1446 /* WeatherMainView.swift */,
			);
			path = Screens;
			sourceTree = "<group>";
		};
/* End PBXGroup section */

/* Begin PBXNativeTarget section */
		BE4665E72BF184F3004F1446 /* Weather-SwiftUI */ = {
			isa = PBXNativeTarget;
			buildConfigurationList = BE4665F62BF184F5004F1446 /* Build configuration list for PBXNativeTarget "Weather-SwiftUI" */;
			buildPhases = (
				BE4665E42BF184F3004F1446 /* Sources */,
				BE4665E52BF184F3004F1446 /* Frameworks */,
				BE4665E62BF184F3004F1446 /* Resources */,
			);
			buildRules = (
			);
			dependencies = (
			);
			name = "Weather-SwiftUI";
			packageProductDependencies = (
				BE2C7C052C00EF4900A69CA7 /* OpenMeteoSdk */,
			);
			productName = "Weather-SwiftUI";
			productReference = BE4665E82BF184F3004F1446 /* Weather-SwiftUI.app */;
			productType = "com.apple.product-type.application";
		};
/* End PBXNativeTarget section */

/* Begin PBXProject section */
		BE4665E02BF184F3004F1446 /* Project object */ = {
			isa = PBXProject;
			attributes = {
				BuildIndependentTargetsInParallel = 1;
				LastSwiftUpdateCheck = 1530;
				LastUpgradeCheck = 1530;
				TargetAttributes = {
					BE4665E72BF184F3004F1446 = {
						CreatedOnToolsVersion = 15.3;
					};
				};
			};
			buildConfigurationList = BE4665E32BF184F3004F1446 /* Build configuration list for PBXProject "Weather-SwiftUI" */;
			compatibilityVersion = "Xcode 14.0";
			developmentRegion = en;
			hasScannedForEncodings = 0;
			knownRegions = (
				en,
				Base,
			);
			mainGroup = BE4665DF2BF184F3004F1446;
			packageReferences = (
				BE2C7C042C00EF4900A69CA7 /* XCRemoteSwiftPackageReference "sdk" */,
			);
			productRefGroup = BE4665E92BF184F3004F1446 /* Products */;
			projectDirPath = "";
			projectRoot = "";
			targets = (
				BE4665E72BF184F3004F1446 /* Weather-SwiftUI */,
			);
		};
/* End PBXProject section */

/* Begin PBXResourcesBuildPhase section */
		BE4665E62BF184F3004F1446 /* Resources */ = {
			isa = PBXResourcesBuildPhase;
			buildActionMask = 2147483647;
			files = (
				BE4665F32BF184F5004F1446 /* Preview Assets.xcassets in Resources */,
				BE4665F02BF184F5004F1446 /* Assets.xcassets in Resources */,
			);
			runOnlyForDeploymentPostprocessing = 0;
		};
/* End PBXResourcesBuildPhase section */

/* Begin PBXSourcesBuildPhase section */
		BE4665E42BF184F3004F1446 /* Sources */ = {
			isa = PBXSourcesBuildPhase;
			buildActionMask = 2147483647;
			files = (
				BE6F420B2C053E1000DFEE07 /* NetworkManager.swift in Sources */,
				BE7CCA8D2C04FE3800A3130F /* Views.swift in Sources */,
				BED4A4A42C0941B800919609 /* WeatherMainViewModel+Ext.swift in Sources */,
				BE6F42092C053B3A00DFEE07 /* WeatherData.swift in Sources */,
				BE475B5F2C15DFD500AC750B /* LoadingView.swift in Sources */,
				BE6F420D2C05415400DFEE07 /* LocationManager.swift in Sources */,
				BE4665EE2BF184F3004F1446 /* WeatherMainView.swift in Sources */,
				BE5DF5562C064B1D001B7052 /* WeatherMainViewModel.swift in Sources */,
				BED7C40C2C165CE0009786C0 /* NoConnectionView.swift in Sources */,
				BEDF614D2C06AB7B0009AB83 /* Errors.swift in Sources */,
				BE4665EC2BF184F3004F1446 /* Weather_SwiftUIApp.swift in Sources */,
			);
			runOnlyForDeploymentPostprocessing = 0;
		};
/* End PBXSourcesBuildPhase section */

/* Begin XCBuildConfiguration section */
		BE4665F42BF184F5004F1446 /* Debug */ = {
			isa = XCBuildConfiguration;
			buildSettings = {
				ALWAYS_SEARCH_USER_PATHS = NO;
				ASSETCATALOG_COMPILER_GENERATE_SWIFT_ASSET_SYMBOL_EXTENSIONS = YES;
				CLANG_ANALYZER_NONNULL = YES;
				CLANG_ANALYZER_NUMBER_OBJECT_CONVERSION = YES_AGGRESSIVE;
				CLANG_CXX_LANGUAGE_STANDARD = "gnu++20";
				CLANG_ENABLE_MODULES = YES;
				CLANG_ENABLE_OBJC_ARC = YES;
				CLANG_ENABLE_OBJC_WEAK = YES;
				CLANG_WARN_BLOCK_CAPTURE_AUTORELEASING = YES;
				CLANG_WARN_BOOL_CONVERSION = YES;
				CLANG_WARN_COMMA = YES;
				CLANG_WARN_CONSTANT_CONVERSION = YES;
				CLANG_WARN_DEPRECATED_OBJC_IMPLEMENTATIONS = YES;
				CLANG_WARN_DIRECT_OBJC_ISA_USAGE = YES_ERROR;
				CLANG_WARN_DOCUMENTATION_COMMENTS = YES;
				CLANG_WARN_EMPTY_BODY = YES;
				CLANG_WARN_ENUM_CONVERSION = YES;
				CLANG_WARN_INFINITE_RECURSION = YES;
				CLANG_WARN_INT_CONVERSION = YES;
				CLANG_WARN_NON_LITERAL_NULL_CONVERSION = YES;
				CLANG_WARN_OBJC_IMPLICIT_RETAIN_SELF = YES;
				CLANG_WARN_OBJC_LITERAL_CONVERSION = YES;
				CLANG_WARN_OBJC_ROOT_CLASS = YES_ERROR;
				CLANG_WARN_QUOTED_INCLUDE_IN_FRAMEWORK_HEADER = YES;
				CLANG_WARN_RANGE_LOOP_ANALYSIS = YES;
				CLANG_WARN_STRICT_PROTOTYPES = YES;
				CLANG_WARN_SUSPICIOUS_MOVE = YES;
				CLANG_WARN_UNGUARDED_AVAILABILITY = YES_AGGRESSIVE;
				CLANG_WARN_UNREACHABLE_CODE = YES;
				CLANG_WARN__DUPLICATE_METHOD_MATCH = YES;
				COPY_PHASE_STRIP = NO;
				DEBUG_INFORMATION_FORMAT = dwarf;
				ENABLE_STRICT_OBJC_MSGSEND = YES;
				ENABLE_TESTABILITY = YES;
				ENABLE_USER_SCRIPT_SANDBOXING = YES;
				GCC_C_LANGUAGE_STANDARD = gnu17;
				GCC_DYNAMIC_NO_PIC = NO;
				GCC_NO_COMMON_BLOCKS = YES;
				GCC_OPTIMIZATION_LEVEL = 0;
				GCC_PREPROCESSOR_DEFINITIONS = (
					"DEBUG=1",
					"$(inherited)",
				);
				GCC_WARN_64_TO_32_BIT_CONVERSION = YES;
				GCC_WARN_ABOUT_RETURN_TYPE = YES_ERROR;
				GCC_WARN_UNDECLARED_SELECTOR = YES;
				GCC_WARN_UNINITIALIZED_AUTOS = YES_AGGRESSIVE;
				GCC_WARN_UNUSED_FUNCTION = YES;
				GCC_WARN_UNUSED_VARIABLE = YES;
				IPHONEOS_DEPLOYMENT_TARGET = 17.4;
				LOCALIZATION_PREFERS_STRING_CATALOGS = YES;
				MTL_ENABLE_DEBUG_INFO = INCLUDE_SOURCE;
				MTL_FAST_MATH = YES;
				ONLY_ACTIVE_ARCH = YES;
				SDKROOT = iphoneos;
				SWIFT_ACTIVE_COMPILATION_CONDITIONS = "DEBUG $(inherited)";
				SWIFT_OPTIMIZATION_LEVEL = "-Onone";
			};
			name = Debug;
		};
		BE4665F52BF184F5004F1446 /* Release */ = {
			isa = XCBuildConfiguration;
			buildSettings = {
				ALWAYS_SEARCH_USER_PATHS = NO;
				ASSETCATALOG_COMPILER_GENERATE_SWIFT_ASSET_SYMBOL_EXTENSIONS = YES;
				CLANG_ANALYZER_NONNULL = YES;
				CLANG_ANALYZER_NUMBER_OBJECT_CONVERSION = YES_AGGRESSIVE;
				CLANG_CXX_LANGUAGE_STANDARD = "gnu++20";
				CLANG_ENABLE_MODULES = YES;
				CLANG_ENABLE_OBJC_ARC = YES;
				CLANG_ENABLE_OBJC_WEAK = YES;
				CLANG_WARN_BLOCK_CAPTURE_AUTORELEASING = YES;
				CLANG_WARN_BOOL_CONVERSION = YES;
				CLANG_WARN_COMMA = YES;
				CLANG_WARN_CONSTANT_CONVERSION = YES;
				CLANG_WARN_DEPRECATED_OBJC_IMPLEMENTATIONS = YES;
				CLANG_WARN_DIRECT_OBJC_ISA_USAGE = YES_ERROR;
				CLANG_WARN_DOCUMENTATION_COMMENTS = YES;
				CLANG_WARN_EMPTY_BODY = YES;
				CLANG_WARN_ENUM_CONVERSION = YES;
				CLANG_WARN_INFINITE_RECURSION = YES;
				CLANG_WARN_INT_CONVERSION = YES;
				CLANG_WARN_NON_LITERAL_NULL_CONVERSION = YES;
				CLANG_WARN_OBJC_IMPLICIT_RETAIN_SELF = YES;
				CLANG_WARN_OBJC_LITERAL_CONVERSION = YES;
				CLANG_WARN_OBJC_ROOT_CLASS = YES_ERROR;
				CLANG_WARN_QUOTED_INCLUDE_IN_FRAMEWORK_HEADER = YES;
				CLANG_WARN_RANGE_LOOP_ANALYSIS = YES;
				CLANG_WARN_STRICT_PROTOTYPES = YES;
				CLANG_WARN_SUSPICIOUS_MOVE = YES;
				CLANG_WARN_UNGUARDED_AVAILABILITY = YES_AGGRESSIVE;
				CLANG_WARN_UNREACHABLE_CODE = YES;
				CLANG_WARN__DUPLICATE_METHOD_MATCH = YES;
				COPY_PHASE_STRIP = NO;
				DEBUG_INFORMATION_FORMAT = "dwarf-with-dsym";
				ENABLE_NS_ASSERTIONS = NO;
				ENABLE_STRICT_OBJC_MSGSEND = YES;
				ENABLE_USER_SCRIPT_SANDBOXING = YES;
				GCC_C_LANGUAGE_STANDARD = gnu17;
				GCC_NO_COMMON_BLOCKS = YES;
				GCC_WARN_64_TO_32_BIT_CONVERSION = YES;
				GCC_WARN_ABOUT_RETURN_TYPE = YES_ERROR;
				GCC_WARN_UNDECLARED_SELECTOR = YES;
				GCC_WARN_UNINITIALIZED_AUTOS = YES_AGGRESSIVE;
				GCC_WARN_UNUSED_FUNCTION = YES;
				GCC_WARN_UNUSED_VARIABLE = YES;
				IPHONEOS_DEPLOYMENT_TARGET = 17.4;
				LOCALIZATION_PREFERS_STRING_CATALOGS = YES;
				MTL_ENABLE_DEBUG_INFO = NO;
				MTL_FAST_MATH = YES;
				SDKROOT = iphoneos;
				SWIFT_COMPILATION_MODE = wholemodule;
				VALIDATE_PRODUCT = YES;
			};
			name = Release;
		};
		BE4665F72BF184F5004F1446 /* Debug */ = {
			isa = XCBuildConfiguration;
			buildSettings = {
				ASSETCATALOG_COMPILER_APPICON_NAME = AppIcon;
				ASSETCATALOG_COMPILER_GLOBAL_ACCENT_COLOR_NAME = AccentColor;
				CODE_SIGN_STYLE = Automatic;
				CURRENT_PROJECT_VERSION = 1;
				DEVELOPMENT_ASSET_PATHS = "\"Weather-SwiftUI/Preview Content\"";
				DEVELOPMENT_TEAM = L6R5Q4T23R;
				ENABLE_PREVIEWS = YES;
				GENERATE_INFOPLIST_FILE = YES;
				INFOPLIST_KEY_NSLocationWhenInUseUsageDescription = "Weather app needs your location for correct data";
				INFOPLIST_KEY_UIApplicationSceneManifest_Generation = YES;
				INFOPLIST_KEY_UIApplicationSupportsIndirectInputEvents = YES;
				INFOPLIST_KEY_UILaunchScreen_Generation = YES;
				INFOPLIST_KEY_UISupportedInterfaceOrientations_iPad = "UIInterfaceOrientationPortrait UIInterfaceOrientationPortraitUpsideDown UIInterfaceOrientationLandscapeLeft UIInterfaceOrientationLandscapeRight";
				INFOPLIST_KEY_UISupportedInterfaceOrientations_iPhone = "UIInterfaceOrientationPortrait UIInterfaceOrientationLandscapeLeft UIInterfaceOrientationLandscapeRight";
				LD_RUNPATH_SEARCH_PATHS = (
					"$(inherited)",
					"@executable_path/Frameworks",
				);
				MARKETING_VERSION = 1.0;
				PRODUCT_BUNDLE_IDENTIFIER = "Shamil.Weather-SwiftUI";
				PRODUCT_NAME = "$(TARGET_NAME)";
				SWIFT_EMIT_LOC_STRINGS = YES;
				SWIFT_VERSION = 5.0;
				TARGETED_DEVICE_FAMILY = "1,2";
			};
			name = Debug;
		};
		BE4665F82BF184F5004F1446 /* Release */ = {
			isa = XCBuildConfiguration;
			buildSettings = {
				ASSETCATALOG_COMPILER_APPICON_NAME = AppIcon;
				ASSETCATALOG_COMPILER_GLOBAL_ACCENT_COLOR_NAME = AccentColor;
				CODE_SIGN_STYLE = Automatic;
				CURRENT_PROJECT_VERSION = 1;
				DEVELOPMENT_ASSET_PATHS = "\"Weather-SwiftUI/Preview Content\"";
				DEVELOPMENT_TEAM = L6R5Q4T23R;
				ENABLE_PREVIEWS = YES;
				GENERATE_INFOPLIST_FILE = YES;
				INFOPLIST_KEY_NSLocationWhenInUseUsageDescription = "Weather app needs your location for correct data";
				INFOPLIST_KEY_UIApplicationSceneManifest_Generation = YES;
				INFOPLIST_KEY_UIApplicationSupportsIndirectInputEvents = YES;
				INFOPLIST_KEY_UILaunchScreen_Generation = YES;
				INFOPLIST_KEY_UISupportedInterfaceOrientations_iPad = "UIInterfaceOrientationPortrait UIInterfaceOrientationPortraitUpsideDown UIInterfaceOrientationLandscapeLeft UIInterfaceOrientationLandscapeRight";
				INFOPLIST_KEY_UISupportedInterfaceOrientations_iPhone = "UIInterfaceOrientationPortrait UIInterfaceOrientationLandscapeLeft UIInterfaceOrientationLandscapeRight";
				LD_RUNPATH_SEARCH_PATHS = (
					"$(inherited)",
					"@executable_path/Frameworks",
				);
				MARKETING_VERSION = 1.0;
				PRODUCT_BUNDLE_IDENTIFIER = "Shamil.Weather-SwiftUI";
				PRODUCT_NAME = "$(TARGET_NAME)";
				SWIFT_EMIT_LOC_STRINGS = YES;
				SWIFT_VERSION = 5.0;
				TARGETED_DEVICE_FAMILY = "1,2";
			};
			name = Release;
		};
/* End XCBuildConfiguration section */

/* Begin XCConfigurationList section */
		BE4665E32BF184F3004F1446 /* Build configuration list for PBXProject "Weather-SwiftUI" */ = {
			isa = XCConfigurationList;
			buildConfigurations = (
				BE4665F42BF184F5004F1446 /* Debug */,
				BE4665F52BF184F5004F1446 /* Release */,
			);
			defaultConfigurationIsVisible = 0;
			defaultConfigurationName = Release;
		};
		BE4665F62BF184F5004F1446 /* Build configuration list for PBXNativeTarget "Weather-SwiftUI" */ = {
			isa = XCConfigurationList;
			buildConfigurations = (
				BE4665F72BF184F5004F1446 /* Debug */,
				BE4665F82BF184F5004F1446 /* Release */,
			);
			defaultConfigurationIsVisible = 0;
			defaultConfigurationName = Release;
		};
/* End XCConfigurationList section */

/* Begin XCRemoteSwiftPackageReference section */
		BE2C7C042C00EF4900A69CA7 /* XCRemoteSwiftPackageReference "sdk" */ = {
			isa = XCRemoteSwiftPackageReference;
			repositoryURL = "https://github.com/open-meteo/sdk.git";
			requirement = {
				branch = main;
				kind = branch;
			};
		};
/* End XCRemoteSwiftPackageReference section */

/* Begin XCSwiftPackageProductDependency section */
		BE2C7C052C00EF4900A69CA7 /* OpenMeteoSdk */ = {
			isa = XCSwiftPackageProductDependency;
			package = BE2C7C042C00EF4900A69CA7 /* XCRemoteSwiftPackageReference "sdk" */;
			productName = OpenMeteoSdk;
		};
/* End XCSwiftPackageProductDependency section */
	};
	rootObject = BE4665E02BF184F3004F1446 /* Project object */;
}
